
Microsoft Visual Studio Solution File, Format Version 12.00
# Visual Studio Version 16
VisualStudioVersion = 16.0.31702.278
MinimumVisualStudioVersion = 10.0.40219.1
Project("{FAE04EC0-301F-11D3-BF4B-00C04F79EFBC}") = "EmployeePayroll", "EmployeePayroll.csproj", "{882A92B7-F003-43F4-B95A-F18AE472D722}"
EndProject
Global
	GlobalSection(SolutionConfigurationPlatforms) = preSolution
		Debug|Any CPU = Debug|Any CPU
		Release|Any CPU = Release|Any CPU
	EndGlobalSection
	GlobalSection(ProjectConfigurationPlatforms) = postSolution
		{882A92B7-F003-43F4-B95A-F18AE472D722}.Debug|Any CPU.ActiveCfg = Debug|Any CPU
		{882A92B7-F003-43F4-B95A-F18AE472D722}.Debug|Any CPU.Build.0 = Debug|Any CPU
		{882A92B7-F003-43F4-B95A-F18AE472D722}.Release|Any CPU.ActiveCfg = Release|Any CPU
		{882A92B7-F003-43F4-B95A-F18AE472D722}.Release|Any CPU.Build.0 = Release|Any CPU
	EndGlobalSection
	GlobalSection(SolutionProperties) = preSolution
		HideSolutionNode = FALSE
	EndGlobalSection
	GlobalSection(ExtensibilityGlobals) = postSolution
		SolutionGuid = {6C3833DB-D4F1-4DAD-8615-7FADFF0AD560}
	EndGlobalSection
EndGlobal
